
Microsoft Visual Studio Solution File, Format Version 12.00
# Visual Studio Version 17
VisualStudioVersion = 17.5.002.0
MinimumVisualStudioVersion = 10.0.40219.1
Project("{9A19103F-16F7-4668-BE54-9A1E7A4F7556}") = "calculadora", "calculadora\calculadora.csproj", "{F1B65E9E-0DE8-4AD4-B2A5-564181B881CF}"
EndProject
Project("{9A19103F-16F7-4668-BE54-9A1E7A4F7556}") = "testes", "testes\testes.csproj", "{86574859-CD7A-4645-9FCF-80B29E9724C7}"
EndProject
Global
	GlobalSection(SolutionConfigurationPlatforms) = preSolution
		Debug|Any CPU = Debug|Any CPU
		Release|Any CPU = Release|Any CPU
	EndGlobalSection
	GlobalSection(ProjectConfigurationPlatforms) = postSolution
		{F1B65E9E-0DE8-4AD4-B2A5-564181B881CF}.Debug|Any CPU.ActiveCfg = Debug|Any CPU
		{F1B65E9E-0DE8-4AD4-B2A5-564181B881CF}.Debug|Any CPU.Build.0 = Debug|Any CPU
		{F1B65E9E-0DE8-4AD4-B2A5-564181B881CF}.Release|Any CPU.ActiveCfg = Release|Any CPU
		{F1B65E9E-0DE8-4AD4-B2A5-564181B881CF}.Release|Any CPU.Build.0 = Release|Any CPU
		{86574859-CD7A-4645-9FCF-80B29E9724C7}.Debug|Any CPU.ActiveCfg = Debug|Any CPU
		{86574859-CD7A-4645-9FCF-80B29E9724C7}.Debug|Any CPU.Build.0 = Debug|Any CPU
		{86574859-CD7A-4645-9FCF-80B29E9724C7}.Release|Any CPU.ActiveCfg = Release|Any CPU
		{86574859-CD7A-4645-9FCF-80B29E9724C7}.Release|Any CPU.Build.0 = Release|Any CPU
	EndGlobalSection
	GlobalSection(SolutionProperties) = preSolution
		HideSolutionNode = FALSE
	EndGlobalSection
	GlobalSection(ExtensibilityGlobals) = postSolution
		SolutionGuid = {27F1CBDC-5F35-425F-88B3-1EDDB6C7A6C6}
	EndGlobalSection
EndGlobal
